name: Generate yarn.lock

on:
  workflow_dispatch:

jobs:
  gen-lock:
    runs-on: ubuntu-latest
    permissions:
      contents: write
    steps:
      - uses: actions/checkout@v4
      - uses: actions/setup-node@v4
        with:
          node-version: 20
      - name: Generate yarn.lock
        run: |
          corepack enable
          corepack prepare yarn@1.22.19 --activate
          yarn install --no-progress
          git config user.email "actions@github.com"
          git config user.name "github-actions[bot]"
          git add yarn.lock
          git commit -m "chore: add yarn.lock" || echo "no changes"
          git push
